
Microsoft Visual Studio Solution File, Format Version 12.00
# Visual Studio Version 16
VisualStudioVersion = 16.0.30320.27
MinimumVisualStudioVersion = 10.0.40219.1
Project("{FAE04EC0-301F-11D3-BF4B-00C04F79EFBC}") = "List", "List\List.csproj", "{D699A6A9-5903-4421-9207-5435DCE3C05F}"
EndProject
Global
	GlobalSection(SolutionConfigurationPlatforms) = preSolution
		Debug|Any CPU = Debug|Any CPU
		Release|Any CPU = Release|Any CPU
	EndGlobalSection
	GlobalSection(ProjectConfigurationPlatforms) = postSolution
		{D699A6A9-5903-4421-9207-5435DCE3C05F}.Debug|Any CPU.ActiveCfg = Debug|Any CPU
		{D699A6A9-5903-4421-9207-5435DCE3C05F}.Debug|Any CPU.Build.0 = Debug|Any CPU
		{D699A6A9-5903-4421-9207-5435DCE3C05F}.Release|Any CPU.ActiveCfg = Release|Any CPU
		{D699A6A9-5903-4421-9207-5435DCE3C05F}.Release|Any CPU.Build.0 = Release|Any CPU
	EndGlobalSection
	GlobalSection(SolutionProperties) = preSolution
		HideSolutionNode = FALSE
	EndGlobalSection
	GlobalSection(ExtensibilityGlobals) = postSolution
		SolutionGuid = {B4C9AEE2-91D6-4B96-B5B0-7E7C50A19194}
	EndGlobalSection
EndGlobal
