
Microsoft Visual Studio Solution File, Format Version 12.00
# Visual Studio Version 16
VisualStudioVersion = 16.0.30320.27
MinimumVisualStudioVersion = 10.0.40219.1
Project("{FAE04EC0-301F-11D3-BF4B-00C04F79EFBC}") = "Heranca_Polimorfismo", "Heranca_Polimorfismo\Heranca_Polimorfismo.csproj", "{B6CA5CE9-B16A-4D5D-BB83-F3ECB5DE2541}"
EndProject
Global
	GlobalSection(SolutionConfigurationPlatforms) = preSolution
		Debug|Any CPU = Debug|Any CPU
		Release|Any CPU = Release|Any CPU
	EndGlobalSection
	GlobalSection(ProjectConfigurationPlatforms) = postSolution
		{B6CA5CE9-B16A-4D5D-BB83-F3ECB5DE2541}.Debug|Any CPU.ActiveCfg = Debug|Any CPU
		{B6CA5CE9-B16A-4D5D-BB83-F3ECB5DE2541}.Debug|Any CPU.Build.0 = Debug|Any CPU
		{B6CA5CE9-B16A-4D5D-BB83-F3ECB5DE2541}.Release|Any CPU.ActiveCfg = Release|Any CPU
		{B6CA5CE9-B16A-4D5D-BB83-F3ECB5DE2541}.Release|Any CPU.Build.0 = Release|Any CPU
	EndGlobalSection
	GlobalSection(SolutionProperties) = preSolution
		HideSolutionNode = FALSE
	EndGlobalSection
	GlobalSection(ExtensibilityGlobals) = postSolution
		SolutionGuid = {CCB30739-054E-4935-A2D1-D6D451BCF2D8}
	EndGlobalSection
EndGlobal
