
Microsoft Visual Studio Solution File, Format Version 12.00
# Visual Studio Version 16
VisualStudioVersion = 16.0.30804.86
MinimumVisualStudioVersion = 10.0.40219.1
Project("{FAE04EC0-301F-11D3-BF4B-00C04F79EFBC}") = "03_GetHashCode_Equals", "03_GetHashCode_Equals\03_GetHashCode_Equals.csproj", "{8914992B-636E-4E72-9C48-181B586F6017}"
EndProject
Global
	GlobalSection(SolutionConfigurationPlatforms) = preSolution
		Debug|Any CPU = Debug|Any CPU
		Release|Any CPU = Release|Any CPU
	EndGlobalSection
	GlobalSection(ProjectConfigurationPlatforms) = postSolution
		{8914992B-636E-4E72-9C48-181B586F6017}.Debug|Any CPU.ActiveCfg = Debug|Any CPU
		{8914992B-636E-4E72-9C48-181B586F6017}.Debug|Any CPU.Build.0 = Debug|Any CPU
		{8914992B-636E-4E72-9C48-181B586F6017}.Release|Any CPU.ActiveCfg = Release|Any CPU
		{8914992B-636E-4E72-9C48-181B586F6017}.Release|Any CPU.Build.0 = Release|Any CPU
	EndGlobalSection
	GlobalSection(SolutionProperties) = preSolution
		HideSolutionNode = FALSE
	EndGlobalSection
	GlobalSection(ExtensibilityGlobals) = postSolution
		SolutionGuid = {B7540434-3B36-4634-8581-D1275EF478C5}
	EndGlobalSection
EndGlobal
