
Microsoft Visual Studio Solution File, Format Version 12.00
# Visual Studio Version 16
VisualStudioVersion = 16.0.31410.357
MinimumVisualStudioVersion = 10.0.40219.1
Project("{FAE04EC0-301F-11D3-BF4B-00C04F79EFBC}") = "Metodos_Abstratos", "Metodos_Abstratos\Metodos_Abstratos.csproj", "{6FCAA25C-8BD0-4ED5-BA2B-D1EF2E4500BC}"
EndProject
Global
	GlobalSection(SolutionConfigurationPlatforms) = preSolution
		Debug|Any CPU = Debug|Any CPU
		Release|Any CPU = Release|Any CPU
	EndGlobalSection
	GlobalSection(ProjectConfigurationPlatforms) = postSolution
		{6FCAA25C-8BD0-4ED5-BA2B-D1EF2E4500BC}.Debug|Any CPU.ActiveCfg = Debug|Any CPU
		{6FCAA25C-8BD0-4ED5-BA2B-D1EF2E4500BC}.Debug|Any CPU.Build.0 = Debug|Any CPU
		{6FCAA25C-8BD0-4ED5-BA2B-D1EF2E4500BC}.Release|Any CPU.ActiveCfg = Release|Any CPU
		{6FCAA25C-8BD0-4ED5-BA2B-D1EF2E4500BC}.Release|Any CPU.Build.0 = Release|Any CPU
	EndGlobalSection
	GlobalSection(SolutionProperties) = preSolution
		HideSolutionNode = FALSE
	EndGlobalSection
	GlobalSection(ExtensibilityGlobals) = postSolution
		SolutionGuid = {CDEB6F6F-6D11-4C7C-A6DB-5E2C192D21B2}
	EndGlobalSection
EndGlobal
