
Microsoft Visual Studio Solution File, Format Version 12.00
# Visual Studio Version 16
VisualStudioVersion = 16.0.31410.357
MinimumVisualStudioVersion = 10.0.40219.1
Project("{FAE04EC0-301F-11D3-BF4B-00C04F79EFBC}") = "09_Dictionary", "09_Dictionary\09_Dictionary.csproj", "{6BBB1C3C-23AF-4C89-B431-76086F67DCD1}"
EndProject
Global
	GlobalSection(SolutionConfigurationPlatforms) = preSolution
		Debug|Any CPU = Debug|Any CPU
		Release|Any CPU = Release|Any CPU
	EndGlobalSection
	GlobalSection(ProjectConfigurationPlatforms) = postSolution
		{6BBB1C3C-23AF-4C89-B431-76086F67DCD1}.Debug|Any CPU.ActiveCfg = Debug|Any CPU
		{6BBB1C3C-23AF-4C89-B431-76086F67DCD1}.Debug|Any CPU.Build.0 = Debug|Any CPU
		{6BBB1C3C-23AF-4C89-B431-76086F67DCD1}.Release|Any CPU.ActiveCfg = Release|Any CPU
		{6BBB1C3C-23AF-4C89-B431-76086F67DCD1}.Release|Any CPU.Build.0 = Release|Any CPU
	EndGlobalSection
	GlobalSection(SolutionProperties) = preSolution
		HideSolutionNode = FALSE
	EndGlobalSection
	GlobalSection(ExtensibilityGlobals) = postSolution
		SolutionGuid = {1193401E-1689-4060-BC97-22722A0305D2}
	EndGlobalSection
EndGlobal
