
Microsoft Visual Studio Solution File, Format Version 12.00
# Visual Studio Version 16
VisualStudioVersion = 16.0.30320.27
MinimumVisualStudioVersion = 10.0.40219.1
Project("{FAE04EC0-301F-11D3-BF4B-00C04F79EFBC}") = "Matrizes", "Matrizes\Matrizes.csproj", "{C5D1DD71-56AC-4F56-A322-F927D7673484}"
EndProject
Global
	GlobalSection(SolutionConfigurationPlatforms) = preSolution
		Debug|Any CPU = Debug|Any CPU
		Release|Any CPU = Release|Any CPU
	EndGlobalSection
	GlobalSection(ProjectConfigurationPlatforms) = postSolution
		{C5D1DD71-56AC-4F56-A322-F927D7673484}.Debug|Any CPU.ActiveCfg = Debug|Any CPU
		{C5D1DD71-56AC-4F56-A322-F927D7673484}.Debug|Any CPU.Build.0 = Debug|Any CPU
		{C5D1DD71-56AC-4F56-A322-F927D7673484}.Release|Any CPU.ActiveCfg = Release|Any CPU
		{C5D1DD71-56AC-4F56-A322-F927D7673484}.Release|Any CPU.Build.0 = Release|Any CPU
	EndGlobalSection
	GlobalSection(SolutionProperties) = preSolution
		HideSolutionNode = FALSE
	EndGlobalSection
	GlobalSection(ExtensibilityGlobals) = postSolution
		SolutionGuid = {0D23A183-E983-4829-B045-C1474CF16A46}
	EndGlobalSection
EndGlobal
