
Microsoft Visual Studio Solution File, Format Version 12.00
# Visual Studio Version 16
VisualStudioVersion = 16.0.31410.357
MinimumVisualStudioVersion = 10.0.40219.1
Project("{FAE04EC0-301F-11D3-BF4B-00C04F79EFBC}") = "07_Exercicio_Fixacao", "07_Exercicio_Fixacao\07_Exercicio_Fixacao.csproj", "{7232666D-5624-4A27-A694-73D781A1A24F}"
EndProject
Global
	GlobalSection(SolutionConfigurationPlatforms) = preSolution
		Debug|Any CPU = Debug|Any CPU
		Release|Any CPU = Release|Any CPU
	EndGlobalSection
	GlobalSection(ProjectConfigurationPlatforms) = postSolution
		{7232666D-5624-4A27-A694-73D781A1A24F}.Debug|Any CPU.ActiveCfg = Debug|Any CPU
		{7232666D-5624-4A27-A694-73D781A1A24F}.Debug|Any CPU.Build.0 = Debug|Any CPU
		{7232666D-5624-4A27-A694-73D781A1A24F}.Release|Any CPU.ActiveCfg = Release|Any CPU
		{7232666D-5624-4A27-A694-73D781A1A24F}.Release|Any CPU.Build.0 = Release|Any CPU
	EndGlobalSection
	GlobalSection(SolutionProperties) = preSolution
		HideSolutionNode = FALSE
	EndGlobalSection
	GlobalSection(ExtensibilityGlobals) = postSolution
		SolutionGuid = {5F3ACDFB-A1E6-4A20-8461-18EBCA0F30F0}
	EndGlobalSection
EndGlobal
