
Microsoft Visual Studio Solution File, Format Version 12.00
# Visual Studio Version 16
VisualStudioVersion = 16.0.31410.357
MinimumVisualStudioVersion = 10.0.40219.1
Project("{FAE04EC0-301F-11D3-BF4B-00C04F79EFBC}") = "04_HerancaMultipla", "04_HerancaMultipla\04_HerancaMultipla.csproj", "{3286F608-D4E5-46A8-840D-37D12097E29B}"
EndProject
Global
	GlobalSection(SolutionConfigurationPlatforms) = preSolution
		Debug|Any CPU = Debug|Any CPU
		Release|Any CPU = Release|Any CPU
	EndGlobalSection
	GlobalSection(ProjectConfigurationPlatforms) = postSolution
		{3286F608-D4E5-46A8-840D-37D12097E29B}.Debug|Any CPU.ActiveCfg = Debug|Any CPU
		{3286F608-D4E5-46A8-840D-37D12097E29B}.Debug|Any CPU.Build.0 = Debug|Any CPU
		{3286F608-D4E5-46A8-840D-37D12097E29B}.Release|Any CPU.ActiveCfg = Release|Any CPU
		{3286F608-D4E5-46A8-840D-37D12097E29B}.Release|Any CPU.Build.0 = Release|Any CPU
	EndGlobalSection
	GlobalSection(SolutionProperties) = preSolution
		HideSolutionNode = FALSE
	EndGlobalSection
	GlobalSection(ExtensibilityGlobals) = postSolution
		SolutionGuid = {B1C6DC47-9BAC-46C6-84A5-B8918352244B}
	EndGlobalSection
EndGlobal
