
Microsoft Visual Studio Solution File, Format Version 12.00
# Visual Studio Version 16
VisualStudioVersion = 16.0.31410.357
MinimumVisualStudioVersion = 10.0.40219.1
Project("{FAE04EC0-301F-11D3-BF4B-00C04F79EFBC}") = "Arquivos", "Arquivos\Arquivos.csproj", "{BCC38971-CCD7-468A-BDA8-8637538EAF9F}"
EndProject
Global
	GlobalSection(SolutionConfigurationPlatforms) = preSolution
		Debug|Any CPU = Debug|Any CPU
		Release|Any CPU = Release|Any CPU
	EndGlobalSection
	GlobalSection(ProjectConfigurationPlatforms) = postSolution
		{BCC38971-CCD7-468A-BDA8-8637538EAF9F}.Debug|Any CPU.ActiveCfg = Debug|Any CPU
		{BCC38971-CCD7-468A-BDA8-8637538EAF9F}.Debug|Any CPU.Build.0 = Debug|Any CPU
		{BCC38971-CCD7-468A-BDA8-8637538EAF9F}.Release|Any CPU.ActiveCfg = Release|Any CPU
		{BCC38971-CCD7-468A-BDA8-8637538EAF9F}.Release|Any CPU.Build.0 = Release|Any CPU
	EndGlobalSection
	GlobalSection(SolutionProperties) = preSolution
		HideSolutionNode = FALSE
	EndGlobalSection
	GlobalSection(ExtensibilityGlobals) = postSolution
		SolutionGuid = {4AB06438-3FD2-4272-906A-CEBEFC447028}
	EndGlobalSection
EndGlobal
