
Microsoft Visual Studio Solution File, Format Version 12.00
# Visual Studio Version 16
VisualStudioVersion = 16.0.30320.27
MinimumVisualStudioVersion = 10.0.40219.1
Project("{FAE04EC0-301F-11D3-BF4B-00C04F79EFBC}") = "Praticando_Classe_Metodos", "Praticando_Classe_Metodos\Praticando_Classe_Metodos.csproj", "{D9586C36-8840-4A7B-8EEE-E502A8B84627}"
EndProject
Global
	GlobalSection(SolutionConfigurationPlatforms) = preSolution
		Debug|Any CPU = Debug|Any CPU
		Release|Any CPU = Release|Any CPU
	EndGlobalSection
	GlobalSection(ProjectConfigurationPlatforms) = postSolution
		{D9586C36-8840-4A7B-8EEE-E502A8B84627}.Debug|Any CPU.ActiveCfg = Debug|Any CPU
		{D9586C36-8840-4A7B-8EEE-E502A8B84627}.Debug|Any CPU.Build.0 = Debug|Any CPU
		{D9586C36-8840-4A7B-8EEE-E502A8B84627}.Release|Any CPU.ActiveCfg = Release|Any CPU
		{D9586C36-8840-4A7B-8EEE-E502A8B84627}.Release|Any CPU.Build.0 = Release|Any CPU
	EndGlobalSection
	GlobalSection(SolutionProperties) = preSolution
		HideSolutionNode = FALSE
	EndGlobalSection
	GlobalSection(ExtensibilityGlobals) = postSolution
		SolutionGuid = {E0BC6EFE-031F-4CDF-8C41-EF5F98DB3B47}
	EndGlobalSection
EndGlobal
