
Microsoft Visual Studio Solution File, Format Version 12.00
# Visual Studio Version 16
VisualStudioVersion = 16.0.31410.357
MinimumVisualStudioVersion = 10.0.40219.1
Project("{FAE04EC0-301F-11D3-BF4B-00C04F79EFBC}") = "01_Estrutura_TryCatch", "01_Estrutura_TryCatch\01_Estrutura_TryCatch.csproj", "{AE3E9BB4-EEE4-46B7-AF2B-5422C19DE09A}"
EndProject
Global
	GlobalSection(SolutionConfigurationPlatforms) = preSolution
		Debug|Any CPU = Debug|Any CPU
		Release|Any CPU = Release|Any CPU
	EndGlobalSection
	GlobalSection(ProjectConfigurationPlatforms) = postSolution
		{AE3E9BB4-EEE4-46B7-AF2B-5422C19DE09A}.Debug|Any CPU.ActiveCfg = Debug|Any CPU
		{AE3E9BB4-EEE4-46B7-AF2B-5422C19DE09A}.Debug|Any CPU.Build.0 = Debug|Any CPU
		{AE3E9BB4-EEE4-46B7-AF2B-5422C19DE09A}.Release|Any CPU.ActiveCfg = Release|Any CPU
		{AE3E9BB4-EEE4-46B7-AF2B-5422C19DE09A}.Release|Any CPU.Build.0 = Release|Any CPU
	EndGlobalSection
	GlobalSection(SolutionProperties) = preSolution
		HideSolutionNode = FALSE
	EndGlobalSection
	GlobalSection(ExtensibilityGlobals) = postSolution
		SolutionGuid = {4391241D-3647-4BE7-94C6-0A45FDBE053F}
	EndGlobalSection
EndGlobal
