
Microsoft Visual Studio Solution File, Format Version 12.00
# Visual Studio Version 16
VisualStudioVersion = 16.0.30320.27
MinimumVisualStudioVersion = 10.0.40219.1
Project("{FAE04EC0-301F-11D3-BF4B-00C04F79EFBC}") = "Enumeracoes", "Enumeracoes\Enumeracoes.csproj", "{73665548-A462-47CC-BE5B-A2D94AAA9BE1}"
EndProject
Global
	GlobalSection(SolutionConfigurationPlatforms) = preSolution
		Debug|Any CPU = Debug|Any CPU
		Release|Any CPU = Release|Any CPU
	EndGlobalSection
	GlobalSection(ProjectConfigurationPlatforms) = postSolution
		{73665548-A462-47CC-BE5B-A2D94AAA9BE1}.Debug|Any CPU.ActiveCfg = Debug|Any CPU
		{73665548-A462-47CC-BE5B-A2D94AAA9BE1}.Debug|Any CPU.Build.0 = Debug|Any CPU
		{73665548-A462-47CC-BE5B-A2D94AAA9BE1}.Release|Any CPU.ActiveCfg = Release|Any CPU
		{73665548-A462-47CC-BE5B-A2D94AAA9BE1}.Release|Any CPU.Build.0 = Release|Any CPU
	EndGlobalSection
	GlobalSection(SolutionProperties) = preSolution
		HideSolutionNode = FALSE
	EndGlobalSection
	GlobalSection(ExtensibilityGlobals) = postSolution
		SolutionGuid = {5123DF0E-D1A2-4A9F-9615-9636D9F6EA0A}
	EndGlobalSection
EndGlobal
