
Microsoft Visual Studio Solution File, Format Version 12.00
# Visual Studio Version 16
VisualStudioVersion = 16.0.30804.86
MinimumVisualStudioVersion = 10.0.40219.1
Project("{FAE04EC0-301F-11D3-BF4B-00C04F79EFBC}") = "08_LINQ_Lambda", "08_LINQ_Lambda\08_LINQ_Lambda.csproj", "{10348894-B274-4765-9DB9-BDCCEA16DA7D}"
EndProject
Global
	GlobalSection(SolutionConfigurationPlatforms) = preSolution
		Debug|Any CPU = Debug|Any CPU
		Release|Any CPU = Release|Any CPU
	EndGlobalSection
	GlobalSection(ProjectConfigurationPlatforms) = postSolution
		{10348894-B274-4765-9DB9-BDCCEA16DA7D}.Debug|Any CPU.ActiveCfg = Debug|Any CPU
		{10348894-B274-4765-9DB9-BDCCEA16DA7D}.Debug|Any CPU.Build.0 = Debug|Any CPU
		{10348894-B274-4765-9DB9-BDCCEA16DA7D}.Release|Any CPU.ActiveCfg = Release|Any CPU
		{10348894-B274-4765-9DB9-BDCCEA16DA7D}.Release|Any CPU.Build.0 = Release|Any CPU
	EndGlobalSection
	GlobalSection(SolutionProperties) = preSolution
		HideSolutionNode = FALSE
	EndGlobalSection
	GlobalSection(ExtensibilityGlobals) = postSolution
		SolutionGuid = {5D0DF541-639A-4F9F-BEBA-613ABB47EC83}
	EndGlobalSection
EndGlobal
