
Microsoft Visual Studio Solution File, Format Version 12.00
# Visual Studio Version 16
VisualStudioVersion = 16.0.31410.357
MinimumVisualStudioVersion = 10.0.40219.1
Project("{FAE04EC0-301F-11D3-BF4B-00C04F79EFBC}") = "03_Bloco_Using", "03_Bloco_Using\03_Bloco_Using.csproj", "{02657AA1-9B8D-43DF-A08B-C13C2C3EC264}"
EndProject
Global
	GlobalSection(SolutionConfigurationPlatforms) = preSolution
		Debug|Any CPU = Debug|Any CPU
		Release|Any CPU = Release|Any CPU
	EndGlobalSection
	GlobalSection(ProjectConfigurationPlatforms) = postSolution
		{02657AA1-9B8D-43DF-A08B-C13C2C3EC264}.Debug|Any CPU.ActiveCfg = Debug|Any CPU
		{02657AA1-9B8D-43DF-A08B-C13C2C3EC264}.Debug|Any CPU.Build.0 = Debug|Any CPU
		{02657AA1-9B8D-43DF-A08B-C13C2C3EC264}.Release|Any CPU.ActiveCfg = Release|Any CPU
		{02657AA1-9B8D-43DF-A08B-C13C2C3EC264}.Release|Any CPU.Build.0 = Release|Any CPU
	EndGlobalSection
	GlobalSection(SolutionProperties) = preSolution
		HideSolutionNode = FALSE
	EndGlobalSection
	GlobalSection(ExtensibilityGlobals) = postSolution
		SolutionGuid = {EBDFD309-F50F-402C-A067-D6DCE553250B}
	EndGlobalSection
EndGlobal
