
Microsoft Visual Studio Solution File, Format Version 12.00
# Visual Studio Version 16
VisualStudioVersion = 16.0.31410.357
MinimumVisualStudioVersion = 10.0.40219.1
Project("{FAE04EC0-301F-11D3-BF4B-00C04F79EFBC}") = "02_Delegates", "02_Delegates\02_Delegates.csproj", "{1AD8E10A-EEF2-41D7-86FF-1B57FCD31C1C}"
EndProject
Global
	GlobalSection(SolutionConfigurationPlatforms) = preSolution
		Debug|Any CPU = Debug|Any CPU
		Release|Any CPU = Release|Any CPU
	EndGlobalSection
	GlobalSection(ProjectConfigurationPlatforms) = postSolution
		{1AD8E10A-EEF2-41D7-86FF-1B57FCD31C1C}.Debug|Any CPU.ActiveCfg = Debug|Any CPU
		{1AD8E10A-EEF2-41D7-86FF-1B57FCD31C1C}.Debug|Any CPU.Build.0 = Debug|Any CPU
		{1AD8E10A-EEF2-41D7-86FF-1B57FCD31C1C}.Release|Any CPU.ActiveCfg = Release|Any CPU
		{1AD8E10A-EEF2-41D7-86FF-1B57FCD31C1C}.Release|Any CPU.Build.0 = Release|Any CPU
	EndGlobalSection
	GlobalSection(SolutionProperties) = preSolution
		HideSolutionNode = FALSE
	EndGlobalSection
	GlobalSection(ExtensibilityGlobals) = postSolution
		SolutionGuid = {C55C99DA-D950-4809-AFB6-86B27B2AE76B}
	EndGlobalSection
EndGlobal
