
Microsoft Visual Studio Solution File, Format Version 12.00
# Visual Studio Version 16
VisualStudioVersion = 16.0.31410.357
MinimumVisualStudioVersion = 10.0.40219.1
Project("{FAE04EC0-301F-11D3-BF4B-00C04F79EFBC}") = "01_Comparison", "01_Comparison\01_Comparison.csproj", "{7B162FCD-C3CB-43CD-A6F6-624F18746588}"
EndProject
Global
	GlobalSection(SolutionConfigurationPlatforms) = preSolution
		Debug|Any CPU = Debug|Any CPU
		Release|Any CPU = Release|Any CPU
	EndGlobalSection
	GlobalSection(ProjectConfigurationPlatforms) = postSolution
		{7B162FCD-C3CB-43CD-A6F6-624F18746588}.Debug|Any CPU.ActiveCfg = Debug|Any CPU
		{7B162FCD-C3CB-43CD-A6F6-624F18746588}.Debug|Any CPU.Build.0 = Debug|Any CPU
		{7B162FCD-C3CB-43CD-A6F6-624F18746588}.Release|Any CPU.ActiveCfg = Release|Any CPU
		{7B162FCD-C3CB-43CD-A6F6-624F18746588}.Release|Any CPU.Build.0 = Release|Any CPU
	EndGlobalSection
	GlobalSection(SolutionProperties) = preSolution
		HideSolutionNode = FALSE
	EndGlobalSection
	GlobalSection(ExtensibilityGlobals) = postSolution
		SolutionGuid = {C79176E3-CCEE-4864-A49D-1BA58294FBF8}
	EndGlobalSection
EndGlobal
