
Microsoft Visual Studio Solution File, Format Version 12.00
# Visual Studio Version 16
VisualStudioVersion = 16.0.31410.357
MinimumVisualStudioVersion = 10.0.40219.1
Project("{FAE04EC0-301F-11D3-BF4B-00C04F79EFBC}") = "Program_Product_Construtores", "Program_Product_Construtores\Program_Product_Construtores.csproj", "{BB66081D-F86B-46C6-826F-87D0BFE1A4D0}"
EndProject
Global
	GlobalSection(SolutionConfigurationPlatforms) = preSolution
		Debug|Any CPU = Debug|Any CPU
		Release|Any CPU = Release|Any CPU
	EndGlobalSection
	GlobalSection(ProjectConfigurationPlatforms) = postSolution
		{BB66081D-F86B-46C6-826F-87D0BFE1A4D0}.Debug|Any CPU.ActiveCfg = Debug|Any CPU
		{BB66081D-F86B-46C6-826F-87D0BFE1A4D0}.Debug|Any CPU.Build.0 = Debug|Any CPU
		{BB66081D-F86B-46C6-826F-87D0BFE1A4D0}.Release|Any CPU.ActiveCfg = Release|Any CPU
		{BB66081D-F86B-46C6-826F-87D0BFE1A4D0}.Release|Any CPU.Build.0 = Release|Any CPU
	EndGlobalSection
	GlobalSection(SolutionProperties) = preSolution
		HideSolutionNode = FALSE
	EndGlobalSection
	GlobalSection(ExtensibilityGlobals) = postSolution
		SolutionGuid = {D7C7FF70-0683-4468-8B04-5CB0CEEB6387}
	EndGlobalSection
EndGlobal
