
Microsoft Visual Studio Solution File, Format Version 12.00
# Visual Studio Version 16
VisualStudioVersion = 16.0.31410.357
MinimumVisualStudioVersion = 10.0.40219.1
Project("{FAE04EC0-301F-11D3-BF4B-00C04F79EFBC}") = "Praticando_Classes_05_Rectangle", "Praticando_Classes_05_Rectangle\Praticando_Classes_05_Rectangle.csproj", "{39A2ED5D-307F-4883-B79B-F75C7CE35586}"
EndProject
Global
	GlobalSection(SolutionConfigurationPlatforms) = preSolution
		Debug|Any CPU = Debug|Any CPU
		Release|Any CPU = Release|Any CPU
	EndGlobalSection
	GlobalSection(ProjectConfigurationPlatforms) = postSolution
		{39A2ED5D-307F-4883-B79B-F75C7CE35586}.Debug|Any CPU.ActiveCfg = Debug|Any CPU
		{39A2ED5D-307F-4883-B79B-F75C7CE35586}.Debug|Any CPU.Build.0 = Debug|Any CPU
		{39A2ED5D-307F-4883-B79B-F75C7CE35586}.Release|Any CPU.ActiveCfg = Release|Any CPU
		{39A2ED5D-307F-4883-B79B-F75C7CE35586}.Release|Any CPU.Build.0 = Release|Any CPU
	EndGlobalSection
	GlobalSection(SolutionProperties) = preSolution
		HideSolutionNode = FALSE
	EndGlobalSection
	GlobalSection(ExtensibilityGlobals) = postSolution
		SolutionGuid = {9EF23DA2-1D52-4D83-B95D-75A672F35B31}
	EndGlobalSection
EndGlobal
