
Microsoft Visual Studio Solution File, Format Version 12.00
# Visual Studio Version 16
VisualStudioVersion = 16.0.30320.27
MinimumVisualStudioVersion = 10.0.40219.1
Project("{FAE04EC0-301F-11D3-BF4B-00C04F79EFBC}") = "Heranca_Polimorfismo_2", "Heranca_Polimorfismo_2\Heranca_Polimorfismo_2.csproj", "{F2D77C7E-C882-4C45-9693-92393D592235}"
EndProject
Global
	GlobalSection(SolutionConfigurationPlatforms) = preSolution
		Debug|Any CPU = Debug|Any CPU
		Release|Any CPU = Release|Any CPU
	EndGlobalSection
	GlobalSection(ProjectConfigurationPlatforms) = postSolution
		{F2D77C7E-C882-4C45-9693-92393D592235}.Debug|Any CPU.ActiveCfg = Debug|Any CPU
		{F2D77C7E-C882-4C45-9693-92393D592235}.Debug|Any CPU.Build.0 = Debug|Any CPU
		{F2D77C7E-C882-4C45-9693-92393D592235}.Release|Any CPU.ActiveCfg = Release|Any CPU
		{F2D77C7E-C882-4C45-9693-92393D592235}.Release|Any CPU.Build.0 = Release|Any CPU
	EndGlobalSection
	GlobalSection(SolutionProperties) = preSolution
		HideSolutionNode = FALSE
	EndGlobalSection
	GlobalSection(ExtensibilityGlobals) = postSolution
		SolutionGuid = {5FD099FA-5F6E-4823-84FB-D5795160DD0A}
	EndGlobalSection
EndGlobal
