
Microsoft Visual Studio Solution File, Format Version 12.00
# Visual Studio Version 16
VisualStudioVersion = 16.0.30320.27
MinimumVisualStudioVersion = 10.0.40219.1
Project("{FAE04EC0-301F-11D3-BF4B-00C04F79EFBC}") = "Composicao", "Composicao\Composicao.csproj", "{B44598FA-528C-41B2-A577-FEA661A4DE8E}"
EndProject
Global
	GlobalSection(SolutionConfigurationPlatforms) = preSolution
		Debug|Any CPU = Debug|Any CPU
		Release|Any CPU = Release|Any CPU
	EndGlobalSection
	GlobalSection(ProjectConfigurationPlatforms) = postSolution
		{B44598FA-528C-41B2-A577-FEA661A4DE8E}.Debug|Any CPU.ActiveCfg = Debug|Any CPU
		{B44598FA-528C-41B2-A577-FEA661A4DE8E}.Debug|Any CPU.Build.0 = Debug|Any CPU
		{B44598FA-528C-41B2-A577-FEA661A4DE8E}.Release|Any CPU.ActiveCfg = Release|Any CPU
		{B44598FA-528C-41B2-A577-FEA661A4DE8E}.Release|Any CPU.Build.0 = Release|Any CPU
	EndGlobalSection
	GlobalSection(SolutionProperties) = preSolution
		HideSolutionNode = FALSE
	EndGlobalSection
	GlobalSection(ExtensibilityGlobals) = postSolution
		SolutionGuid = {A95973F9-F29B-42A5-AEC0-76C2A550112F}
	EndGlobalSection
EndGlobal
